
Microsoft Visual Studio Solution File, Format Version 11.00
# Visual Studio 2010
Project("{FAE04EC0-301F-11D3-BF4B-00C04F79EFBC}") = "DotNetKillboard", "DotNetKillboard\DotNetKillboard.csproj", "{2622D84D-6AE3-4F0D-B7F1-CF18A652B509}"
EndProject
Global
	GlobalSection(SolutionConfigurationPlatforms) = preSolution
		Debug|Any CPU = Debug|Any CPU
		Release|Any CPU = Release|Any CPU
	EndGlobalSection
	GlobalSection(ProjectConfigurationPlatforms) = postSolution
		{2622D84D-6AE3-4F0D-B7F1-CF18A652B509}.Debug|Any CPU.ActiveCfg = Debug|Any CPU
		{2622D84D-6AE3-4F0D-B7F1-CF18A652B509}.Debug|Any CPU.Build.0 = Debug|Any CPU
		{2622D84D-6AE3-4F0D-B7F1-CF18A652B509}.Release|Any CPU.ActiveCfg = Release|Any CPU
		{2622D84D-6AE3-4F0D-B7F1-CF18A652B509}.Release|Any CPU.Build.0 = Release|Any CPU
	EndGlobalSection
	GlobalSection(SolutionProperties) = preSolution
		HideSolutionNode = FALSE
	EndGlobalSection
EndGlobal
